PODS:
  - battery (0.0.1):
    - Flutter
  - camera (0.0.1):
    - Flutter
  - connectivity (0.0.1):
    - Flutter
    - Reachability
  - device_info (0.0.1):
    - Flutter
  - Flutter (1.0.0)
  - flutter_sound (0.0.1):
    - Flutter
  - flutter_statusbar (0.0.1):
    - Flutter
  - flutter_statusbarcolor (0.0.1):
    - Flutter
  - flutter_webview_plugin (0.0.1):
    - Flutter
  - fluttertoast (0.0.2):
    - Flutter
  - fluwx (0.0.1):
    - Flutter
  - FMDB (2.7.5):
    - FMDB/standard (= 2.7.5)
  - FMDB/standard (2.7.5)
  - image_picker (0.0.1):
    - Flutter
  - package_info (0.0.1):
    - Flutter
  - path_provider (0.0.1):
    - Flutter
  - Reachability (3.2)
  - share (0.5.2):
    - Flutter
  - shared_preferences (0.0.1):
    - Flutter
  - sqflite (0.0.1):
    - Flutter
    - FMDB (~> 2.7.2)
  - url_launcher (0.0.1):
    - Flutter
  - video_player (0.0.1):
    - Flutter

DEPENDENCIES:
  - battery (from `.symlinks/plugins/battery/ios`)
  - camera (from `.symlinks/plugins/camera/ios`)
  - connectivity (from `.symlinks/plugins/connectivity/ios`)
  - device_info (from `.symlinks/plugins/device_info/ios`)
  - Flutter (from `.symlinks/flutter/ios`)
  - flutter_sound (from `.symlinks/plugins/flutter_sound/ios`)
  - flutter_statusbar (from `.symlinks/plugins/flutter_statusbar/ios`)
  - flutter_statusbarcolor (from `.symlinks/plugins/flutter_statusbarcolor/ios`)
  - flutter_webview_plugin (from `.symlinks/plugins/flutter_webview_plugin/ios`)
  - fluttertoast (from `.symlinks/plugins/fluttertoast/ios`)
  - fluwx (from `.symlinks/plugins/fluwx/ios`)
  - image_picker (from `.symlinks/plugins/image_picker/ios`)
  - package_info (from `.symlinks/plugins/package_info/ios`)
  - path_provider (from `.symlinks/plugins/path_provider/ios`)
  - share (from `.symlinks/plugins/share/ios`)
  - shared_preferences (from `.symlinks/plugins/shared_preferences/ios`)
  - sqflite (from `.symlinks/plugins/sqflite/ios`)
  - url_launcher (from `.symlinks/plugins/url_launcher/ios`)
  - video_player (from `.symlinks/plugins/video_player/ios`)

SPEC REPOS:
  https://github.com/cocoapods/specs.git:
    - FMDB
    - Reachability

EXTERNAL SOURCES:
  battery:
    :path: ".symlinks/plugins/battery/ios"
  camera:
    :path: ".symlinks/plugins/camera/ios"
  connectivity:
    :path: ".symlinks/plugins/connectivity/ios"
  device_info:
    :path: ".symlinks/plugins/device_info/ios"
  Flutter:
    :path: ".symlinks/flutter/ios"
  flutter_sound:
    :path: ".symlinks/plugins/flutter_sound/ios"
  flutter_statusbar:
    :path: ".symlinks/plugins/flutter_statusbar/ios"
  flutter_statusbarcolor:
    :path: ".symlinks/plugins/flutter_statusbarcolor/ios"
  flutter_webview_plugin:
    :path: ".symlinks/plugins/flutter_webview_plugin/ios"
  fluttertoast:
    :path: ".symlinks/plugins/fluttertoast/ios"
  fluwx:
    :path: ".symlinks/plugins/fluwx/ios"
  image_picker:
    :path: ".symlinks/plugins/image_picker/ios"
  package_info:
    :path: ".symlinks/plugins/package_info/ios"
  path_provider:
    :path: ".symlinks/plugins/path_provider/ios"
  share:
    :path: ".symlinks/plugins/share/ios"
  shared_preferences:
    :path: ".symlinks/plugins/shared_preferences/ios"
  sqflite:
    :path: ".symlinks/plugins/sqflite/ios"
  url_launcher:
    :path: ".symlinks/plugins/url_launcher/ios"
  video_player:
    :path: ".symlinks/plugins/video_player/ios"

SPEC CHECKSUMS:
  battery: 2efe849ceb3b99f3976f91c5448e375ca7db022e
  camera: d56ad165545ae5a0ffb892376033760a969c68c8
  connectivity: c72716e202a1225ec4810740d5cb56b8ae3bf4cc
  device_info: 3ebad48f726348f69abd802f3334a8d1ed795fbd
  Flutter: 58dd7d1b27887414a370fcccb9e645c08ffd7a6a
  flutter_sound: 0e8163ceac1e00eb6d894e2ae4641ba726a2c479
  flutter_statusbar: aa4982b847304a72c5ac8439a9f37861b662c6bb
  flutter_statusbarcolor: 8afb1071ed8c58be929f1e32b36c629771fd2259
  flutter_webview_plugin: ed9e8a6a96baf0c867e90e1bce2673913eeac694
  fluttertoast: b644586ef3b16f67fae9a1f8754cef6b2d6b634b
  fluwx: 19524c5e4c9c539a646407259139c9c1e4eaf9e5
  FMDB: 2ce00b547f966261cd18927a3ddb07cb6f3db82a
  image_picker: a211f28b95a560433c00f5cd3773f4710a20404d
  package_info: 78cabb3c322943c55d39676f4a5bfc748c01d055
  path_provider: f96fff6166a8867510d2c25fdcc346327cc4b259
  Reachability: 33e18b67625424e47b6cde6d202dce689ad7af96
  share: 7d22fe8baedfe93aefd864bf0b73f29711fbb0a3
  shared_preferences: 1feebfa37bb57264736e16865e7ffae7fc99b523
  sqflite: ff1d9da63c06588cc8d1faf7256d741f16989d5a
  url_launcher: 0067ddb8f10d36786672aa0722a21717dba3a298
  video_player: 3964090a33353060ed7f58aa6427c7b4b208ec21

PODFILE CHECKSUM: aff02bfeed411c636180d6812254b2daeea14d09

COCOAPODS: 1.6.1
